
Microsoft Visual Studio Solution File, Format Version 12.00
# Visual Studio Version 17
VisualStudioVersion = 17.11.35303.130
MinimumVisualStudioVersion = 10.0.40219.1
Project("{FAE04EC0-301F-11D3-BF4B-00C04F79EFBC}") = "operatory_arytmetyczne", "operatory_arytmetyczne.csproj", "{B303DCAE-36B0-4679-A6BA-25B8D92ADE0F}"
EndProject
Global
	GlobalSection(SolutionConfigurationPlatforms) = preSolution
		Debug|Any CPU = Debug|Any CPU
		Release|Any CPU = Release|Any CPU
	EndGlobalSection
	GlobalSection(ProjectConfigurationPlatforms) = postSolution
		{B303DCAE-36B0-4679-A6BA-25B8D92ADE0F}.Debug|Any CPU.ActiveCfg = Debug|Any CPU
		{B303DCAE-36B0-4679-A6BA-25B8D92ADE0F}.Debug|Any CPU.Build.0 = Debug|Any CPU
		{B303DCAE-36B0-4679-A6BA-25B8D92ADE0F}.Release|Any CPU.ActiveCfg = Release|Any CPU
		{B303DCAE-36B0-4679-A6BA-25B8D92ADE0F}.Release|Any CPU.Build.0 = Release|Any CPU
	EndGlobalSection
	GlobalSection(SolutionProperties) = preSolution
		HideSolutionNode = FALSE
	EndGlobalSection
	GlobalSection(ExtensibilityGlobals) = postSolution
		SolutionGuid = {7E55BDAA-48BA-4309-8E5C-094D87622293}
	EndGlobalSection
EndGlobal
